
Microsoft Visual Studio Solution File, Format Version 12.00
# Visual Studio Version 17
VisualStudioVersion = 17.6.33815.320
MinimumVisualStudioVersion = 10.0.40219.1
Project("{8BC9CEB8-8B4A-11D0-8D11-00A0C91BC942}") = "step by step baekjoon 3", "step by step baekjoon 3.vcxproj", "{FE58793C-8D25-400A-8A8F-6449D44618C4}"
EndProject
Global
	GlobalSection(SolutionConfigurationPlatforms) = preSolution
		Debug|x64 = Debug|x64
		Debug|x86 = Debug|x86
		Release|x64 = Release|x64
		Release|x86 = Release|x86
	EndGlobalSection
	GlobalSection(ProjectConfigurationPlatforms) = postSolution
		{FE58793C-8D25-400A-8A8F-6449D44618C4}.Debug|x64.ActiveCfg = Debug|x64
		{FE58793C-8D25-400A-8A8F-6449D44618C4}.Debug|x64.Build.0 = Debug|x64
		{FE58793C-8D25-400A-8A8F-6449D44618C4}.Debug|x86.ActiveCfg = Debug|Win32
		{FE58793C-8D25-400A-8A8F-6449D44618C4}.Debug|x86.Build.0 = Debug|Win32
		{FE58793C-8D25-400A-8A8F-6449D44618C4}.Release|x64.ActiveCfg = Release|x64
		{FE58793C-8D25-400A-8A8F-6449D44618C4}.Release|x64.Build.0 = Release|x64
		{FE58793C-8D25-400A-8A8F-6449D44618C4}.Release|x86.ActiveCfg = Release|Win32
		{FE58793C-8D25-400A-8A8F-6449D44618C4}.Release|x86.Build.0 = Release|Win32
	EndGlobalSection
	GlobalSection(SolutionProperties) = preSolution
		HideSolutionNode = FALSE
	EndGlobalSection
	GlobalSection(ExtensibilityGlobals) = postSolution
		SolutionGuid = {C68B635C-DC15-4650-9EA9-A45F931880D3}
	EndGlobalSection
EndGlobal
